
Microsoft Visual Studio Solution File, Format Version 12.00
# Visual Studio Version 17
VisualStudioVersion = 17.9.34902.65
MinimumVisualStudioVersion = 10.0.40219.1
Project("{9A19103F-16F7-4668-BE54-9A1E7A4F7556}") = "hello-phi-3", "hello-phi-3\hello-phi-3.csproj", "{235D260C-AC42-4362-B4A0-C70AD465818F}"
EndProject
Project("{9A19103F-16F7-4668-BE54-9A1E7A4F7556}") = "hello-phi-3.consoleapp", "hello-phi-3.consoleapp\hello-phi-3.consoleapp.csproj", "{2F640B28-C4FB-4B53-BA7F-C110CA9B1613}"
EndProject
Global
	GlobalSection(SolutionConfigurationPlatforms) = preSolution
		Debug|Any CPU = Debug|Any CPU
		Release|Any CPU = Release|Any CPU
	EndGlobalSection
	GlobalSection(ProjectConfigurationPlatforms) = postSolution
		{235D260C-AC42-4362-B4A0-C70AD465818F}.Debug|Any CPU.ActiveCfg = Debug|Any CPU
		{235D260C-AC42-4362-B4A0-C70AD465818F}.Debug|Any CPU.Build.0 = Debug|Any CPU
		{235D260C-AC42-4362-B4A0-C70AD465818F}.Release|Any CPU.ActiveCfg = Release|Any CPU
		{235D260C-AC42-4362-B4A0-C70AD465818F}.Release|Any CPU.Build.0 = Release|Any CPU
		{2F640B28-C4FB-4B53-BA7F-C110CA9B1613}.Debug|Any CPU.ActiveCfg = Debug|Any CPU
		{2F640B28-C4FB-4B53-BA7F-C110CA9B1613}.Debug|Any CPU.Build.0 = Debug|Any CPU
		{2F640B28-C4FB-4B53-BA7F-C110CA9B1613}.Release|Any CPU.ActiveCfg = Release|Any CPU
		{2F640B28-C4FB-4B53-BA7F-C110CA9B1613}.Release|Any CPU.Build.0 = Release|Any CPU
	EndGlobalSection
	GlobalSection(SolutionProperties) = preSolution
		HideSolutionNode = FALSE
	EndGlobalSection
	GlobalSection(ExtensibilityGlobals) = postSolution
		SolutionGuid = {B8A2E13D-3BB2-44FD-8444-DBE3EADCB820}
	EndGlobalSection
EndGlobal
